
Microsoft Visual Studio Solution File, Format Version 12.00
# Visual Studio 2013
VisualStudioVersion = 12.0.40629.0
MinimumVisualStudioVersion = 10.0.40219.1
Project("{FAE04EC0-301F-11D3-BF4B-00C04F79EFBC}") = "01PiggyBank", "01PiggyBank\01PiggyBank.csproj", "{F14F06A7-A2C7-4FBA-885E-320A1346E58A}"
EndProject
Project("{FAE04EC0-301F-11D3-BF4B-00C04F79EFBC}") = "02CheatSheet", "02CheatSheet\02CheatSheet.csproj", "{476D35C0-B0DA-48DC-A971-65B39630CCF6}"
EndProject
Project("{FAE04EC0-301F-11D3-BF4B-00C04F79EFBC}") = "03Boat", "03Boat\03Boat.csproj", "{00D87281-CC97-411E-BB92-B9C3656505DA}"
EndProject
Project("{FAE04EC0-301F-11D3-BF4B-00C04F79EFBC}") = "04TextBombardment", "04TextBombardment\04TextBombardment.csproj", "{7A70CC9C-E6FC-4619-BCF4-0BACB7939A3E}"
EndProject
Project("{FAE04EC0-301F-11D3-BF4B-00C04F79EFBC}") = "05BitLock", "05BitLock\05BitLock.csproj", "{19C8BFEC-243B-4E75-B9D7-0811DDF9BB97}"
EndProject
Global
	GlobalSection(SolutionConfigurationPlatforms) = preSolution
		Debug|Any CPU = Debug|Any CPU
		Release|Any CPU = Release|Any CPU
	EndGlobalSection
	GlobalSection(ProjectConfigurationPlatforms) = postSolution
		{F14F06A7-A2C7-4FBA-885E-320A1346E58A}.Debug|Any CPU.ActiveCfg = Debug|Any CPU
		{F14F06A7-A2C7-4FBA-885E-320A1346E58A}.Debug|Any CPU.Build.0 = Debug|Any CPU
		{F14F06A7-A2C7-4FBA-885E-320A1346E58A}.Release|Any CPU.ActiveCfg = Release|Any CPU
		{F14F06A7-A2C7-4FBA-885E-320A1346E58A}.Release|Any CPU.Build.0 = Release|Any CPU
		{476D35C0-B0DA-48DC-A971-65B39630CCF6}.Debug|Any CPU.ActiveCfg = Debug|Any CPU
		{476D35C0-B0DA-48DC-A971-65B39630CCF6}.Debug|Any CPU.Build.0 = Debug|Any CPU
		{476D35C0-B0DA-48DC-A971-65B39630CCF6}.Release|Any CPU.ActiveCfg = Release|Any CPU
		{476D35C0-B0DA-48DC-A971-65B39630CCF6}.Release|Any CPU.Build.0 = Release|Any CPU
		{00D87281-CC97-411E-BB92-B9C3656505DA}.Debug|Any CPU.ActiveCfg = Debug|Any CPU
		{00D87281-CC97-411E-BB92-B9C3656505DA}.Debug|Any CPU.Build.0 = Debug|Any CPU
		{00D87281-CC97-411E-BB92-B9C3656505DA}.Release|Any CPU.ActiveCfg = Release|Any CPU
		{00D87281-CC97-411E-BB92-B9C3656505DA}.Release|Any CPU.Build.0 = Release|Any CPU
		{7A70CC9C-E6FC-4619-BCF4-0BACB7939A3E}.Debug|Any CPU.ActiveCfg = Debug|Any CPU
		{7A70CC9C-E6FC-4619-BCF4-0BACB7939A3E}.Debug|Any CPU.Build.0 = Debug|Any CPU
		{7A70CC9C-E6FC-4619-BCF4-0BACB7939A3E}.Release|Any CPU.ActiveCfg = Release|Any CPU
		{7A70CC9C-E6FC-4619-BCF4-0BACB7939A3E}.Release|Any CPU.Build.0 = Release|Any CPU
		{19C8BFEC-243B-4E75-B9D7-0811DDF9BB97}.Debug|Any CPU.ActiveCfg = Debug|Any CPU
		{19C8BFEC-243B-4E75-B9D7-0811DDF9BB97}.Debug|Any CPU.Build.0 = Debug|Any CPU
		{19C8BFEC-243B-4E75-B9D7-0811DDF9BB97}.Release|Any CPU.ActiveCfg = Release|Any CPU
		{19C8BFEC-243B-4E75-B9D7-0811DDF9BB97}.Release|Any CPU.Build.0 = Release|Any CPU
	EndGlobalSection
	GlobalSection(SolutionProperties) = preSolution
		HideSolutionNode = FALSE
	EndGlobalSection
EndGlobal
