
Microsoft Visual Studio Solution File, Format Version 12.00
# Visual Studio 2013
VisualStudioVersion = 12.0.31101.0
MinimumVisualStudioVersion = 10.0.40219.1
Project("{FAE04EC0-301F-11D3-BF4B-00C04F79EFBC}") = "OddOrEvenIntegers", "OddOrEvenIntegers\OddOrEvenIntegers.csproj", "{4F5054FB-5A41-408A-A30F-DD8FADEB913A}"
EndProject
Project("{FAE04EC0-301F-11D3-BF4B-00C04F79EFBC}") = "GravitationOnTheMoon", "GravitationOnTheMoon\GravitationOnTheMoon.csproj", "{FAB075AA-6D10-416F-8853-25FCABD7383C}"
EndProject
Project("{FAE04EC0-301F-11D3-BF4B-00C04F79EFBC}") = "DivideBySevenAndFive", "DivideBySevenAndFive\DivideBySevenAndFive.csproj", "{E6072381-2204-4069-BE88-6E28B98AB0A5}"
EndProject
Project("{FAE04EC0-301F-11D3-BF4B-00C04F79EFBC}") = "Rectangles", "Rectangles\Rectangles.csproj", "{E7E65803-5757-451A-B545-7BA4ABBC3435}"
EndProject
Project("{FAE04EC0-301F-11D3-BF4B-00C04F79EFBC}") = "ThirdDigitIsSeven", "ThirdDigitIsSeven\ThirdDigitIsSeven.csproj", "{9BE57493-E5F6-49FD-BA82-4D5F8C4E8E3B}"
EndProject
Project("{FAE04EC0-301F-11D3-BF4B-00C04F79EFBC}") = "FourDigitNumber", "FourDigitNumber\FourDigitNumber.csproj", "{9A6C54B0-A9F7-4ED7-B5BA-7100B9597551}"
EndProject
Project("{FAE04EC0-301F-11D3-BF4B-00C04F79EFBC}") = "PointInACircle", "PointInACircle\PointInACircle.csproj", "{3C1ACB1A-2D68-4ACE-B198-5A5438EAA47A}"
EndProject
Project("{FAE04EC0-301F-11D3-BF4B-00C04F79EFBC}") = "PrimeNumberCheck", "PrimeNumberCheck\PrimeNumberCheck.csproj", "{2DA90240-E271-4305-A16D-DAFA0B9C3626}"
EndProject
Project("{FAE04EC0-301F-11D3-BF4B-00C04F79EFBC}") = "Trapeziod", "Trapeziod\Trapeziod.csproj", "{73416DED-6C33-4DA6-945E-FE1637D84D2F}"
EndProject
Project("{FAE04EC0-301F-11D3-BF4B-00C04F79EFBC}") = "PointInACircleAndOutsideARectangle", "PointInACircleAndOutsideARectangle\PointInACircleAndOutsideARectangle.csproj", "{F2CB2671-99DD-4739-B4FB-0ABB9EC16887}"
EndProject
Project("{FAE04EC0-301F-11D3-BF4B-00C04F79EFBC}") = "BitwiseExtractBit3", "BitwiseExtractBit3\BitwiseExtractBit3.csproj", "{AF1E5BDA-8875-44A4-9BB2-0ECF9AABC365}"
EndProject
Project("{FAE04EC0-301F-11D3-BF4B-00C04F79EFBC}") = "ExctractBitFromInteger", "ExctractBitFromInteger\ExctractBitFromInteger.csproj", "{5083CDC4-74B9-4C1F-A311-110EC05C00C4}"
EndProject
Project("{FAE04EC0-301F-11D3-BF4B-00C04F79EFBC}") = "ModifyBitAtGivenPosition", "ModifyBitAtGivenPosition\ModifyBitAtGivenPosition.csproj", "{D72AA9F5-9F2E-4380-8BA9-6336051BF681}"
EndProject
Project("{FAE04EC0-301F-11D3-BF4B-00C04F79EFBC}") = "CheckABitAtGivenPosition", "CheckABitAtGivenPosition\CheckABitAtGivenPosition.csproj", "{F0E46F14-1F37-4CA9-BA30-4AEA7FE7A0A0}"
EndProject
Global
	GlobalSection(SolutionConfigurationPlatforms) = preSolution
		Debug|Any CPU = Debug|Any CPU
		Release|Any CPU = Release|Any CPU
	EndGlobalSection
	GlobalSection(ProjectConfigurationPlatforms) = postSolution
		{4F5054FB-5A41-408A-A30F-DD8FADEB913A}.Debug|Any CPU.ActiveCfg = Debug|Any CPU
		{4F5054FB-5A41-408A-A30F-DD8FADEB913A}.Debug|Any CPU.Build.0 = Debug|Any CPU
		{4F5054FB-5A41-408A-A30F-DD8FADEB913A}.Release|Any CPU.ActiveCfg = Release|Any CPU
		{4F5054FB-5A41-408A-A30F-DD8FADEB913A}.Release|Any CPU.Build.0 = Release|Any CPU
		{FAB075AA-6D10-416F-8853-25FCABD7383C}.Debug|Any CPU.ActiveCfg = Debug|Any CPU
		{FAB075AA-6D10-416F-8853-25FCABD7383C}.Debug|Any CPU.Build.0 = Debug|Any CPU
		{FAB075AA-6D10-416F-8853-25FCABD7383C}.Release|Any CPU.ActiveCfg = Release|Any CPU
		{FAB075AA-6D10-416F-8853-25FCABD7383C}.Release|Any CPU.Build.0 = Release|Any CPU
		{E6072381-2204-4069-BE88-6E28B98AB0A5}.Debug|Any CPU.ActiveCfg = Debug|Any CPU
		{E6072381-2204-4069-BE88-6E28B98AB0A5}.Debug|Any CPU.Build.0 = Debug|Any CPU
		{E6072381-2204-4069-BE88-6E28B98AB0A5}.Release|Any CPU.ActiveCfg = Release|Any CPU
		{E6072381-2204-4069-BE88-6E28B98AB0A5}.Release|Any CPU.Build.0 = Release|Any CPU
		{E7E65803-5757-451A-B545-7BA4ABBC3435}.Debug|Any CPU.ActiveCfg = Debug|Any CPU
		{E7E65803-5757-451A-B545-7BA4ABBC3435}.Debug|Any CPU.Build.0 = Debug|Any CPU
		{E7E65803-5757-451A-B545-7BA4ABBC3435}.Release|Any CPU.ActiveCfg = Release|Any CPU
		{E7E65803-5757-451A-B545-7BA4ABBC3435}.Release|Any CPU.Build.0 = Release|Any CPU
		{9BE57493-E5F6-49FD-BA82-4D5F8C4E8E3B}.Debug|Any CPU.ActiveCfg = Debug|Any CPU
		{9BE57493-E5F6-49FD-BA82-4D5F8C4E8E3B}.Debug|Any CPU.Build.0 = Debug|Any CPU
		{9BE57493-E5F6-49FD-BA82-4D5F8C4E8E3B}.Release|Any CPU.ActiveCfg = Release|Any CPU
		{9BE57493-E5F6-49FD-BA82-4D5F8C4E8E3B}.Release|Any CPU.Build.0 = Release|Any CPU
		{9A6C54B0-A9F7-4ED7-B5BA-7100B9597551}.Debug|Any CPU.ActiveCfg = Debug|Any CPU
		{9A6C54B0-A9F7-4ED7-B5BA-7100B9597551}.Debug|Any CPU.Build.0 = Debug|Any CPU
		{9A6C54B0-A9F7-4ED7-B5BA-7100B9597551}.Release|Any CPU.ActiveCfg = Release|Any CPU
		{9A6C54B0-A9F7-4ED7-B5BA-7100B9597551}.Release|Any CPU.Build.0 = Release|Any CPU
		{3C1ACB1A-2D68-4ACE-B198-5A5438EAA47A}.Debug|Any CPU.ActiveCfg = Debug|Any CPU
		{3C1ACB1A-2D68-4ACE-B198-5A5438EAA47A}.Debug|Any CPU.Build.0 = Debug|Any CPU
		{3C1ACB1A-2D68-4ACE-B198-5A5438EAA47A}.Release|Any CPU.ActiveCfg = Release|Any CPU
		{3C1ACB1A-2D68-4ACE-B198-5A5438EAA47A}.Release|Any CPU.Build.0 = Release|Any CPU
		{2DA90240-E271-4305-A16D-DAFA0B9C3626}.Debug|Any CPU.ActiveCfg = Debug|Any CPU
		{2DA90240-E271-4305-A16D-DAFA0B9C3626}.Debug|Any CPU.Build.0 = Debug|Any CPU
		{2DA90240-E271-4305-A16D-DAFA0B9C3626}.Release|Any CPU.ActiveCfg = Release|Any CPU
		{2DA90240-E271-4305-A16D-DAFA0B9C3626}.Release|Any CPU.Build.0 = Release|Any CPU
		{73416DED-6C33-4DA6-945E-FE1637D84D2F}.Debug|Any CPU.ActiveCfg = Debug|Any CPU
		{73416DED-6C33-4DA6-945E-FE1637D84D2F}.Debug|Any CPU.Build.0 = Debug|Any CPU
		{73416DED-6C33-4DA6-945E-FE1637D84D2F}.Release|Any CPU.ActiveCfg = Release|Any CPU
		{73416DED-6C33-4DA6-945E-FE1637D84D2F}.Release|Any CPU.Build.0 = Release|Any CPU
		{F2CB2671-99DD-4739-B4FB-0ABB9EC16887}.Debug|Any CPU.ActiveCfg = Debug|Any CPU
		{F2CB2671-99DD-4739-B4FB-0ABB9EC16887}.Debug|Any CPU.Build.0 = Debug|Any CPU
		{F2CB2671-99DD-4739-B4FB-0ABB9EC16887}.Release|Any CPU.ActiveCfg = Release|Any CPU
		{F2CB2671-99DD-4739-B4FB-0ABB9EC16887}.Release|Any CPU.Build.0 = Release|Any CPU
		{AF1E5BDA-8875-44A4-9BB2-0ECF9AABC365}.Debug|Any CPU.ActiveCfg = Debug|Any CPU
		{AF1E5BDA-8875-44A4-9BB2-0ECF9AABC365}.Debug|Any CPU.Build.0 = Debug|Any CPU
		{AF1E5BDA-8875-44A4-9BB2-0ECF9AABC365}.Release|Any CPU.ActiveCfg = Release|Any CPU
		{AF1E5BDA-8875-44A4-9BB2-0ECF9AABC365}.Release|Any CPU.Build.0 = Release|Any CPU
		{5083CDC4-74B9-4C1F-A311-110EC05C00C4}.Debug|Any CPU.ActiveCfg = Debug|Any CPU
		{5083CDC4-74B9-4C1F-A311-110EC05C00C4}.Debug|Any CPU.Build.0 = Debug|Any CPU
		{5083CDC4-74B9-4C1F-A311-110EC05C00C4}.Release|Any CPU.ActiveCfg = Release|Any CPU
		{5083CDC4-74B9-4C1F-A311-110EC05C00C4}.Release|Any CPU.Build.0 = Release|Any CPU
		{D72AA9F5-9F2E-4380-8BA9-6336051BF681}.Debug|Any CPU.ActiveCfg = Debug|Any CPU
		{D72AA9F5-9F2E-4380-8BA9-6336051BF681}.Debug|Any CPU.Build.0 = Debug|Any CPU
		{D72AA9F5-9F2E-4380-8BA9-6336051BF681}.Release|Any CPU.ActiveCfg = Release|Any CPU
		{D72AA9F5-9F2E-4380-8BA9-6336051BF681}.Release|Any CPU.Build.0 = Release|Any CPU
		{F0E46F14-1F37-4CA9-BA30-4AEA7FE7A0A0}.Debug|Any CPU.ActiveCfg = Debug|Any CPU
		{F0E46F14-1F37-4CA9-BA30-4AEA7FE7A0A0}.Debug|Any CPU.Build.0 = Debug|Any CPU
		{F0E46F14-1F37-4CA9-BA30-4AEA7FE7A0A0}.Release|Any CPU.ActiveCfg = Release|Any CPU
		{F0E46F14-1F37-4CA9-BA30-4AEA7FE7A0A0}.Release|Any CPU.Build.0 = Release|Any CPU
	EndGlobalSection
	GlobalSection(SolutionProperties) = preSolution
		HideSolutionNode = FALSE
	EndGlobalSection
EndGlobal
